# This file was autogenerated by Stack.
# You should not edit this file by hand.
# For more information, please see the documentation at:
#   https://docs.haskellstack.org/en/stable/lock_files

packages:
- completed:
    hackage: brittany-0.13.1.0@sha256:5a48f13633fe5247d3b28f171b019f181f347f604436cbb6093cc552fde83663,8197
    pantry-tree:
      size: 4844
      sha256: 448db04136f5810f18d5ce105b4aba5527b1b7827296863c227449562ebb8e31
  original:
    hackage: brittany-0.13.1.0
- completed:
    hackage: data-tree-print-0.1.0.2@sha256:d845e99f322df70e0c06d6743bf80336f5918d5423498528beb0593a2afc1703,1620
    pantry-tree:
      size: 272
      sha256: b8778eb1b16fddb91b2eed2b25f33a89d1e4f7a533160de4ccbf226f82456135
  original:
    hackage: data-tree-print-0.1.0.2
- completed:
    hackage: ghc-exactprint-0.6.3.4@sha256:d17b9ab809e8db9811b13637f1d1d01a82b43e5fe4d72c6d073daadb3f72a921,9446
    pantry-tree:
      size: 86320
      sha256: 23567bd12520ab3dcb6ce951799731c32987c6e30df86f1f8516bdc92a39ed5c
  original:
    hackage: ghc-exactprint-0.6.3.4
snapshots:
- completed:
    size: 567037
    url: https://raw.githubusercontent.com/commercialhaskell/stackage-snapshots/master/lts/17/9.yaml
    sha256: d7d8d5106e53d1669964bd8bd2b0f88a5ad192d772f5376384b76738fd992311
  original:
    url: https://raw.githubusercontent.com/commercialhaskell/stackage-snapshots/master/lts/17/9.yaml
